
Microsoft Visual Studio Solution File, Format Version 12.00
# Visual Studio 15
VisualStudioVersion = 15.0.26730.12
MinimumVisualStudioVersion = 10.0.40219.1
Project("{8BC9CEB8-8B4A-11D0-8D11-00A0C91BC942}") = "Sunny-Core", "Sunny-Core.vcxproj", "{AAB474A1-A034-48B7-9834-E7EBD9703DB9}"
EndProject
Global
	GlobalSection(SolutionConfigurationPlatforms) = preSolution
		Debug|x64 = Debug|x64
		Debug|x86 = Debug|x86
		Release|x64 = Release|x64
		Release|x86 = Release|x86
	EndGlobalSection
	GlobalSection(ProjectConfigurationPlatforms) = postSolution
		{AAB474A1-A034-48B7-9834-E7EBD9703DB9}.Debug|x64.ActiveCfg = Release|x64
		{AAB474A1-A034-48B7-9834-E7EBD9703DB9}.Debug|x64.Build.0 = Release|x64
		{AAB474A1-A034-48B7-9834-E7EBD9703DB9}.Debug|x86.ActiveCfg = Debug|Win32
		{AAB474A1-A034-48B7-9834-E7EBD9703DB9}.Debug|x86.Build.0 = Debug|Win32
		{AAB474A1-A034-48B7-9834-E7EBD9703DB9}.Release|x64.ActiveCfg = Release|x64
		{AAB474A1-A034-48B7-9834-E7EBD9703DB9}.Release|x64.Build.0 = Release|x64
		{AAB474A1-A034-48B7-9834-E7EBD9703DB9}.Release|x86.ActiveCfg = Debug|Win32
		{AAB474A1-A034-48B7-9834-E7EBD9703DB9}.Release|x86.Build.0 = Debug|Win32
	EndGlobalSection
	GlobalSection(SolutionProperties) = preSolution
		HideSolutionNode = FALSE
	EndGlobalSection
	GlobalSection(ExtensibilityGlobals) = postSolution
		SolutionGuid = {54B946D0-6D42-49CC-8BAC-6A94FC1E738D}
	EndGlobalSection
EndGlobal
