<?xml version="1.0" encoding="utf-8"?>
<Project ToolsVersion="4.0" xmlns="http://schemas.microsoft.com/developer/msbuild/2003">
  <ItemGroup>
    <Filter Include="소스 파일">
      <UniqueIdentifier>{4FC737F1-C7A5-4376-A066-2A32D752A2FF}</UniqueIdentifier>
      <Extensions>cpp;c;cc;cxx;def;odl;idl;hpj;bat;asm;asmx</Extensions>
    </Filter>
    <Filter Include="헤더 파일">
      <UniqueIdentifier>{93995380-89BD-4b04-88EB-625FBE52EBFB}</UniqueIdentifier>
      <Extensions>h;hh;hpp;hxx;hm;inl;inc;xsd</Extensions>
    </Filter>
    <Filter Include="리소스 파일">
      <UniqueIdentifier>{67DA6AB6-F800-4c08-8B7A-83BB121AAD01}</UniqueIdentifier>
      <Extensions>rc;ico;cur;bmp;dlg;rc2;rct;bin;rgs;gif;jpg;jpeg;jpe;resx;tiff;tif;png;wav;mfcribbon-ms</Extensions>
    </Filter>
  </ItemGroup>
  <ItemGroup>
    <ClCompile Include="main.cpp">
      <Filter>소스 파일</Filter>
    </ClCompile>
    <ClCompile Include="app\Application.cpp">
      <Filter>소스 파일</Filter>
    </ClCompile>
    <ClCompile Include="app\Window.cpp">
      <Filter>소스 파일</Filter>
    </ClCompile>
    <ClCompile Include="maths\AABB.cpp">
      <Filter>소스 파일</Filter>
    </ClCompile>
    <ClCompile Include="maths\mat4.cpp">
      <Filter>소스 파일</Filter>
    </ClCompile>
    <ClCompile Include="maths\Rectangle.cpp">
      <Filter>소스 파일</Filter>
    </ClCompile>
    <ClCompile Include="maths\vec2.cpp">
      <Filter>소스 파일</Filter>
    </ClCompile>
    <ClCompile Include="maths\vec3.cpp">
      <Filter>소스 파일</Filter>
    </ClCompile>
    <ClCompile Include="maths\vec4.cpp">
      <Filter>소스 파일</Filter>
    </ClCompile>
    <ClCompile Include="system\FileSystem.cpp">
      <Filter>소스 파일</Filter>
    </ClCompile>
    <ClCompile Include="utils\Timer.cpp">
      <Filter>소스 파일</Filter>
    </ClCompile>
    <ClCompile Include="directx\Context.cpp">
      <Filter>소스 파일</Filter>
    </ClCompile>
    <ClCompile Include="directx\VertexBuffer.cpp">
      <Filter>소스 파일</Filter>
    </ClCompile>
    <ClCompile Include="directx\BufferLayout.cpp">
      <Filter>소스 파일</Filter>
    </ClCompile>
    <ClCompile Include="directx\IndexBuffer.cpp">
      <Filter>소스 파일</Filter>
    </ClCompile>
    <ClCompile Include="directx\VertexArray.cpp">
      <Filter>소스 파일</Filter>
    </ClCompile>
    <ClCompile Include="directx\Shader.cpp">
      <Filter>소스 파일</Filter>
    </ClCompile>
    <ClCompile Include="directx\ShaderUniform.cpp">
      <Filter>소스 파일</Filter>
    </ClCompile>
    <ClCompile Include="directx\ShaderResource.cpp">
      <Filter>소스 파일</Filter>
    </ClCompile>
    <ClCompile Include="utils\String.cpp">
      <Filter>소스 파일</Filter>
    </ClCompile>
    <ClCompile Include="system\VFS.cpp">
      <Filter>소스 파일</Filter>
    </ClCompile>
    <ClCompile Include="events\Event.cpp">
      <Filter>소스 파일</Filter>
    </ClCompile>
    <ClCompile Include="events\KeyEvent.cpp">
      <Filter>소스 파일</Filter>
    </ClCompile>
    <ClCompile Include="events\MouseEvent.cpp">
      <Filter>소스 파일</Filter>
    </ClCompile>
    <ClCompile Include="events\ResizeEvent.cpp">
      <Filter>소스 파일</Filter>
    </ClCompile>
    <ClCompile Include="directx\Renderer.cpp">
      <Filter>소스 파일</Filter>
    </ClCompile>
    <ClCompile Include="graphics\layers\Layer.cpp">
      <Filter>소스 파일</Filter>
    </ClCompile>
    <ClCompile Include="utils\LoadImage.cpp">
      <Filter>소스 파일</Filter>
    </ClCompile>
    <ClCompile Include="directx\Texture2D.cpp">
      <Filter>소스 파일</Filter>
    </ClCompile>
    <ClCompile Include="directx\Texture.cpp">
      <Filter>소스 파일</Filter>
    </ClCompile>
    <ClCompile Include="graphics\shaders\ShaderFactory.cpp">
      <Filter>소스 파일</Filter>
    </ClCompile>
    <ClCompile Include="graphics\shaders\ShaderManager.cpp">
      <Filter>소스 파일</Filter>
    </ClCompile>
    <ClCompile Include="graphics\TextureManager.cpp">
      <Filter>소스 파일</Filter>
    </ClCompile>
    <ClCompile Include="graphics\cameras\Camera.cpp">
      <Filter>소스 파일</Filter>
    </ClCompile>
    <ClCompile Include="graphics\renderers\Renderer2D.cpp">
      <Filter>소스 파일</Filter>
    </ClCompile>
    <ClCompile Include="graphics\layers\Layer2D.cpp">
      <Filter>소스 파일</Filter>
    </ClCompile>
    <ClCompile Include="graphics\cameras\OrthographicCamera.cpp">
      <Filter>소스 파일</Filter>
    </ClCompile>
    <ClCompile Include="graphics\Sprite.cpp">
      <Filter>소스 파일</Filter>
    </ClCompile>
    <ClCompile Include="graphics\renderables\Renderable2D.cpp">
      <Filter>소스 파일</Filter>
    </ClCompile>
    <ClCompile Include="maths\Quaternion.cpp">
      <Filter>소스 파일</Filter>
    </ClCompile>
    <ClCompile Include="graphics\cameras\MayaCamera.cpp">
      <Filter>소스 파일</Filter>
    </ClCompile>
    <ClCompile Include="graphics\Model.cpp">
      <Filter>소스 파일</Filter>
    </ClCompile>
    <ClCompile Include="graphics\Light.cpp">
      <Filter>소스 파일</Filter>
    </ClCompile>
    <ClCompile Include="graphics\LightSetup.cpp">
      <Filter>소스 파일</Filter>
    </ClCompile>
    <ClCompile Include="graphics\layers\Layer3D.cpp">
      <Filter>소스 파일</Filter>
    </ClCompile>
    <ClCompile Include="graphics\Entity.cpp">
      <Filter>소스 파일</Filter>
    </ClCompile>
    <ClCompile Include="test\TestLayer2D.cpp">
      <Filter>소스 파일</Filter>
    </ClCompile>
    <ClCompile Include="test\TestLayer3D.cpp">
      <Filter>소스 파일</Filter>
    </ClCompile>
    <ClCompile Include="graphics\renderables\Renderable3D.cpp">
      <Filter>소스 파일</Filter>
    </ClCompile>
    <ClCompile Include="graphics\renderers\Renderer3D.cpp">
      <Filter>소스 파일</Filter>
    </ClCompile>
    <ClCompile Include="app\Input.cpp">
      <Filter>소스 파일</Filter>
    </ClCompile>
    <ClCompile Include="graphics\cameras\FPSCamera.cpp">
      <Filter>소스 파일</Filter>
    </ClCompile>
    <ClCompile Include="graphics\meshs\Mesh.cpp">
      <Filter>소스 파일</Filter>
    </ClCompile>
    <ClCompile Include="graphics\meshs\MeshFactory.cpp">
      <Filter>소스 파일</Filter>
    </ClCompile>
    <ClCompile Include="graphics\meshs\AnimationMesh.cpp">
      <Filter>소스 파일</Filter>
    </ClCompile>
  </ItemGroup>
  <ItemGroup>
    <ClInclude Include="app\Application.h">
      <Filter>헤더 파일</Filter>
    </ClInclude>
    <ClInclude Include="app\Window.h">
      <Filter>헤더 파일</Filter>
    </ClInclude>
    <ClInclude Include="maths\AABB.h">
      <Filter>헤더 파일</Filter>
    </ClInclude>
    <ClInclude Include="maths\mat4.h">
      <Filter>헤더 파일</Filter>
    </ClInclude>
    <ClInclude Include="maths\maths.h">
      <Filter>헤더 파일</Filter>
    </ClInclude>
    <ClInclude Include="maths\maths_func.h">
      <Filter>헤더 파일</Filter>
    </ClInclude>
    <ClInclude Include="maths\Rectangle.h">
      <Filter>헤더 파일</Filter>
    </ClInclude>
    <ClInclude Include="maths\tvec2.h">
      <Filter>헤더 파일</Filter>
    </ClInclude>
    <ClInclude Include="maths\vec2.h">
      <Filter>헤더 파일</Filter>
    </ClInclude>
    <ClInclude Include="maths\vec3.h">
      <Filter>헤더 파일</Filter>
    </ClInclude>
    <ClInclude Include="maths\vec4.h">
      <Filter>헤더 파일</Filter>
    </ClInclude>
    <ClInclude Include="system\FileSystem.h">
      <Filter>헤더 파일</Filter>
    </ClInclude>
    <ClInclude Include="utils\Timer.h">
      <Filter>헤더 파일</Filter>
    </ClInclude>
    <ClInclude Include="utils\Timestep.h">
      <Filter>헤더 파일</Filter>
    </ClInclude>
    <ClInclude Include="sunny.h">
      <Filter>헤더 파일</Filter>
    </ClInclude>
    <ClInclude Include="directx\Context.h">
      <Filter>헤더 파일</Filter>
    </ClInclude>
    <ClInclude Include="directx\Common.h">
      <Filter>헤더 파일</Filter>
    </ClInclude>
    <ClInclude Include="directx\VertexBuffer.h">
      <Filter>헤더 파일</Filter>
    </ClInclude>
    <ClInclude Include="directx\BufferLayout.h">
      <Filter>헤더 파일</Filter>
    </ClInclude>
    <ClInclude Include="directx\IndexBuffer.h">
      <Filter>헤더 파일</Filter>
    </ClInclude>
    <ClInclude Include="directx\VertexArray.h">
      <Filter>헤더 파일</Filter>
    </ClInclude>
    <ClInclude Include="directx\Shader.h">
      <Filter>헤더 파일</Filter>
    </ClInclude>
    <ClInclude Include="directx\ShaderUniform.h">
      <Filter>헤더 파일</Filter>
    </ClInclude>
    <ClInclude Include="directx\ShaderResource.h">
      <Filter>헤더 파일</Filter>
    </ClInclude>
    <ClInclude Include="utils\String.h">
      <Filter>헤더 파일</Filter>
    </ClInclude>
    <ClInclude Include="system\VFS.h">
      <Filter>헤더 파일</Filter>
    </ClInclude>
    <ClInclude Include="events\Event.h">
      <Filter>헤더 파일</Filter>
    </ClInclude>
    <ClInclude Include="events\EventDispatcher.h">
      <Filter>헤더 파일</Filter>
    </ClInclude>
    <ClInclude Include="events\Events.h">
      <Filter>헤더 파일</Filter>
    </ClInclude>
    <ClInclude Include="events\IEventListener.h">
      <Filter>헤더 파일</Filter>
    </ClInclude>
    <ClInclude Include="events\KeyEvent.h">
      <Filter>헤더 파일</Filter>
    </ClInclude>
    <ClInclude Include="events\MouseEvent.h">
      <Filter>헤더 파일</Filter>
    </ClInclude>
    <ClInclude Include="events\ResizeEvent.h">
      <Filter>헤더 파일</Filter>
    </ClInclude>
    <ClInclude Include="directx\Renderer.h">
      <Filter>헤더 파일</Filter>
    </ClInclude>
    <ClInclude Include="graphics\layers\Layer.h">
      <Filter>헤더 파일</Filter>
    </ClInclude>
    <ClInclude Include="utils\LoadImage.h">
      <Filter>헤더 파일</Filter>
    </ClInclude>
    <ClInclude Include="dependency\freeimage\x32\FreeImage.h">
      <Filter>헤더 파일</Filter>
    </ClInclude>
    <ClInclude Include="directx\Texture2D.h">
      <Filter>헤더 파일</Filter>
    </ClInclude>
    <ClInclude Include="directx\Texture.h">
      <Filter>헤더 파일</Filter>
    </ClInclude>
    <ClInclude Include="graphics\shaders\ShaderFactory.h">
      <Filter>헤더 파일</Filter>
    </ClInclude>
    <ClInclude Include="graphics\shaders\Shaders.h">
      <Filter>헤더 파일</Filter>
    </ClInclude>
    <ClInclude Include="graphics\shaders\ShaderManager.h">
      <Filter>헤더 파일</Filter>
    </ClInclude>
    <ClInclude Include="graphics\Mask.h">
      <Filter>헤더 파일</Filter>
    </ClInclude>
    <ClInclude Include="graphics\TextureManager.h">
      <Filter>헤더 파일</Filter>
    </ClInclude>
    <ClInclude Include="graphics\cameras\Camera.h">
      <Filter>헤더 파일</Filter>
    </ClInclude>
    <ClInclude Include="graphics\renderers\Renderer2D.h">
      <Filter>헤더 파일</Filter>
    </ClInclude>
    <ClInclude Include="graphics\layers\Layer2D.h">
      <Filter>헤더 파일</Filter>
    </ClInclude>
    <ClInclude Include="graphics\cameras\OrthographicCamera.h">
      <Filter>헤더 파일</Filter>
    </ClInclude>
    <ClInclude Include="graphics\Sprite.h">
      <Filter>헤더 파일</Filter>
    </ClInclude>
    <ClInclude Include="graphics\renderables\Renderable2D.h">
      <Filter>헤더 파일</Filter>
    </ClInclude>
    <ClInclude Include="maths\Quaternion.h">
      <Filter>헤더 파일</Filter>
    </ClInclude>
    <ClInclude Include="graphics\cameras\MayaCamera.h">
      <Filter>헤더 파일</Filter>
    </ClInclude>
    <ClInclude Include="graphics\Model.h">
      <Filter>헤더 파일</Filter>
    </ClInclude>
    <ClInclude Include="graphics\Light.h">
      <Filter>헤더 파일</Filter>
    </ClInclude>
    <ClInclude Include="graphics\LightSetup.h">
      <Filter>헤더 파일</Filter>
    </ClInclude>
    <ClInclude Include="graphics\layers\Layer3D.h">
      <Filter>헤더 파일</Filter>
    </ClInclude>
    <ClInclude Include="graphics\Entity.h">
      <Filter>헤더 파일</Filter>
    </ClInclude>
    <ClInclude Include="test\TestLayer2D.h">
      <Filter>헤더 파일</Filter>
    </ClInclude>
    <ClInclude Include="test\TestLayer3D.h">
      <Filter>헤더 파일</Filter>
    </ClInclude>
    <ClInclude Include="graphics\renderables\Renderable3D.h">
      <Filter>헤더 파일</Filter>
    </ClInclude>
    <ClInclude Include="graphics\renderers\Renderer3D.h">
      <Filter>헤더 파일</Filter>
    </ClInclude>
    <ClInclude Include="app\Input.h">
      <Filter>헤더 파일</Filter>
    </ClInclude>
    <ClInclude Include="graphics\cameras\FPSCamera.h">
      <Filter>헤더 파일</Filter>
    </ClInclude>
    <ClInclude Include="graphics\meshs\AnimationMesh.h">
      <Filter>헤더 파일</Filter>
    </ClInclude>
    <ClInclude Include="graphics\meshs\Mesh.h">
      <Filter>헤더 파일</Filter>
    </ClInclude>
    <ClInclude Include="graphics\meshs\MeshFactory.h">
      <Filter>헤더 파일</Filter>
    </ClInclude>
  </ItemGroup>
  <ItemGroup>
    <Image Include="resource\textures\time.PNG">
      <Filter>리소스 파일</Filter>
    </Image>
  </ItemGroup>
</Project>