<?xml version="1.0" encoding="utf-8"?>
<Project ToolsVersion="4.0" xmlns="http://schemas.microsoft.com/developer/msbuild/2003">
  <ItemGroup>
    <Filter Include="소스 파일">
      <UniqueIdentifier>{4FC737F1-C7A5-4376-A066-2A32D752A2FF}</UniqueIdentifier>
      <Extensions>cpp;c;cc;cxx;def;odl;idl;hpj;bat;asm;asmx</Extensions>
    </Filter>
    <Filter Include="헤더 파일">
      <UniqueIdentifier>{93995380-89BD-4b04-88EB-625FBE52EBFB}</UniqueIdentifier>
      <Extensions>h;hh;hpp;hxx;hm;inl;inc;xsd</Extensions>
    </Filter>
    <Filter Include="리소스 파일">
      <UniqueIdentifier>{67DA6AB6-F800-4c08-8B7A-83BB121AAD01}</UniqueIdentifier>
      <Extensions>rc;ico;cur;bmp;dlg;rc2;rct;bin;rgs;gif;jpg;jpeg;jpe;resx;tiff;tif;png;wav;mfcribbon-ms</Extensions>
    </Filter>
  </ItemGroup>
  <ItemGroup>
    <ClCompile Include="main.cpp">
      <Filter>소스 파일</Filter>
    </ClCompile>
    <ClCompile Include="01_FRAMEWORK\app\Application.cpp">
      <Filter>소스 파일</Filter>
    </ClCompile>
    <ClCompile Include="01_FRAMEWORK\app\Input.cpp">
      <Filter>소스 파일</Filter>
    </ClCompile>
    <ClCompile Include="01_FRAMEWORK\app\Window.cpp">
      <Filter>소스 파일</Filter>
    </ClCompile>
    <ClCompile Include="01_FRAMEWORK\component\Component.cpp">
      <Filter>소스 파일</Filter>
    </ClCompile>
    <ClCompile Include="01_FRAMEWORK\component\TransformComponent.cpp">
      <Filter>소스 파일</Filter>
    </ClCompile>
    <ClCompile Include="01_FRAMEWORK\directx\BufferLayout.cpp">
      <Filter>소스 파일</Filter>
    </ClCompile>
    <ClCompile Include="01_FRAMEWORK\directx\Context.cpp">
      <Filter>소스 파일</Filter>
    </ClCompile>
    <ClCompile Include="01_FRAMEWORK\directx\DebugBuffer.cpp">
      <Filter>소스 파일</Filter>
    </ClCompile>
    <ClCompile Include="01_FRAMEWORK\directx\IndexBuffer.cpp">
      <Filter>소스 파일</Filter>
    </ClCompile>
    <ClCompile Include="01_FRAMEWORK\directx\Renderer.cpp">
      <Filter>소스 파일</Filter>
    </ClCompile>
    <ClCompile Include="01_FRAMEWORK\directx\Shader.cpp">
      <Filter>소스 파일</Filter>
    </ClCompile>
    <ClCompile Include="01_FRAMEWORK\directx\ShaderResource.cpp">
      <Filter>소스 파일</Filter>
    </ClCompile>
    <ClCompile Include="01_FRAMEWORK\directx\ShaderUniform.cpp">
      <Filter>소스 파일</Filter>
    </ClCompile>
    <ClCompile Include="01_FRAMEWORK\directx\Texture.cpp">
      <Filter>소스 파일</Filter>
    </ClCompile>
    <ClCompile Include="01_FRAMEWORK\directx\Texture2D.cpp">
      <Filter>소스 파일</Filter>
    </ClCompile>
    <ClCompile Include="01_FRAMEWORK\directx\TextureCube.cpp">
      <Filter>소스 파일</Filter>
    </ClCompile>
    <ClCompile Include="01_FRAMEWORK\directx\VertexArray.cpp">
      <Filter>소스 파일</Filter>
    </ClCompile>
    <ClCompile Include="01_FRAMEWORK\directx\VertexBuffer.cpp">
      <Filter>소스 파일</Filter>
    </ClCompile>
    <ClCompile Include="01_FRAMEWORK\events\Event.cpp">
      <Filter>소스 파일</Filter>
    </ClCompile>
    <ClCompile Include="01_FRAMEWORK\events\KeyEvent.cpp">
      <Filter>소스 파일</Filter>
    </ClCompile>
    <ClCompile Include="01_FRAMEWORK\events\MouseEvent.cpp">
      <Filter>소스 파일</Filter>
    </ClCompile>
    <ClCompile Include="01_FRAMEWORK\events\ResizeEvent.cpp">
      <Filter>소스 파일</Filter>
    </ClCompile>
    <ClCompile Include="01_FRAMEWORK\maths\mat4.cpp">
      <Filter>소스 파일</Filter>
    </ClCompile>
    <ClCompile Include="01_FRAMEWORK\maths\Quaternion.cpp">
      <Filter>소스 파일</Filter>
    </ClCompile>
    <ClCompile Include="01_FRAMEWORK\maths\Rectangle.cpp">
      <Filter>소스 파일</Filter>
    </ClCompile>
    <ClCompile Include="01_FRAMEWORK\maths\vec2.cpp">
      <Filter>소스 파일</Filter>
    </ClCompile>
    <ClCompile Include="01_FRAMEWORK\maths\vec3.cpp">
      <Filter>소스 파일</Filter>
    </ClCompile>
    <ClCompile Include="01_FRAMEWORK\maths\vec4.cpp">
      <Filter>소스 파일</Filter>
    </ClCompile>
    <ClCompile Include="01_FRAMEWORK\system\FileSystem.cpp">
      <Filter>소스 파일</Filter>
    </ClCompile>
    <ClCompile Include="01_FRAMEWORK\system\VFS.cpp">
      <Filter>소스 파일</Filter>
    </ClCompile>
    <ClCompile Include="01_FRAMEWORK\ui\Button.cpp">
      <Filter>소스 파일</Filter>
    </ClCompile>
    <ClCompile Include="01_FRAMEWORK\ui\Dialog.cpp">
      <Filter>소스 파일</Filter>
    </ClCompile>
    <ClCompile Include="01_FRAMEWORK\ui\Panel.cpp">
      <Filter>소스 파일</Filter>
    </ClCompile>
    <ClCompile Include="01_FRAMEWORK\ui\Progressbar.cpp">
      <Filter>소스 파일</Filter>
    </ClCompile>
    <ClCompile Include="01_FRAMEWORK\ui\Slider.cpp">
      <Filter>소스 파일</Filter>
    </ClCompile>
    <ClCompile Include="01_FRAMEWORK\ui\Widget.cpp">
      <Filter>소스 파일</Filter>
    </ClCompile>
    <ClCompile Include="01_FRAMEWORK\utils\json\json.cpp">
      <Filter>소스 파일</Filter>
    </ClCompile>
    <ClCompile Include="01_FRAMEWORK\utils\LoadImage.cpp">
      <Filter>소스 파일</Filter>
    </ClCompile>
    <ClCompile Include="01_FRAMEWORK\utils\String.cpp">
      <Filter>소스 파일</Filter>
    </ClCompile>
    <ClCompile Include="01_FRAMEWORK\utils\Timer.cpp">
      <Filter>소스 파일</Filter>
    </ClCompile>
    <ClCompile Include="01_FRAMEWORK\maths\Ray.cpp">
      <Filter>소스 파일</Filter>
    </ClCompile>
    <ClCompile Include="01_FRAMEWORK\maths\AABB.cpp">
      <Filter>소스 파일</Filter>
    </ClCompile>
    <ClCompile Include="01_FRAMEWORK\maths\OBB.cpp">
      <Filter>소스 파일</Filter>
    </ClCompile>
    <ClCompile Include="01_FRAMEWORK\directx\GeometryBuffer.cpp">
      <Filter>소스 파일</Filter>
    </ClCompile>
    <ClCompile Include="01_FRAMEWORK\events\ServerEvent.cpp">
      <Filter>소스 파일</Filter>
    </ClCompile>
    <ClCompile Include="01_FRAMEWORK\app\Server.cpp">
      <Filter>소스 파일</Filter>
    </ClCompile>
    <ClCompile Include="01_FRAMEWORK\graphics\cameras\Camera.cpp">
      <Filter>소스 파일</Filter>
    </ClCompile>
    <ClCompile Include="01_FRAMEWORK\graphics\cameras\FPSCamera.cpp">
      <Filter>소스 파일</Filter>
    </ClCompile>
    <ClCompile Include="01_FRAMEWORK\graphics\cameras\LightCamera.cpp">
      <Filter>소스 파일</Filter>
    </ClCompile>
    <ClCompile Include="01_FRAMEWORK\graphics\cameras\MayaCamera.cpp">
      <Filter>소스 파일</Filter>
    </ClCompile>
    <ClCompile Include="01_FRAMEWORK\graphics\cameras\OrthographicCamera.cpp">
      <Filter>소스 파일</Filter>
    </ClCompile>
    <ClCompile Include="01_FRAMEWORK\graphics\fonts\Font.cpp">
      <Filter>소스 파일</Filter>
    </ClCompile>
    <ClCompile Include="01_FRAMEWORK\graphics\fonts\FontManager.cpp">
      <Filter>소스 파일</Filter>
    </ClCompile>
    <ClCompile Include="01_FRAMEWORK\graphics\groups\Group3D.cpp">
      <Filter>소스 파일</Filter>
    </ClCompile>
    <ClCompile Include="01_FRAMEWORK\graphics\layers\Layer.cpp">
      <Filter>소스 파일</Filter>
    </ClCompile>
    <ClCompile Include="01_FRAMEWORK\graphics\layers\Layer2D.cpp">
      <Filter>소스 파일</Filter>
    </ClCompile>
    <ClCompile Include="01_FRAMEWORK\graphics\layers\Layer3D.cpp">
      <Filter>소스 파일</Filter>
    </ClCompile>
    <ClCompile Include="01_FRAMEWORK\graphics\materials\Material.cpp">
      <Filter>소스 파일</Filter>
    </ClCompile>
    <ClCompile Include="01_FRAMEWORK\graphics\materials\MaterialInstance.cpp">
      <Filter>소스 파일</Filter>
    </ClCompile>
    <ClCompile Include="01_FRAMEWORK\graphics\materials\PBRMaterial.cpp">
      <Filter>소스 파일</Filter>
    </ClCompile>
    <ClCompile Include="01_FRAMEWORK\graphics\materials\PBRMaterialInstance.cpp">
      <Filter>소스 파일</Filter>
    </ClCompile>
    <ClCompile Include="01_FRAMEWORK\graphics\meshs\AnimationMesh.cpp">
      <Filter>소스 파일</Filter>
    </ClCompile>
    <ClCompile Include="01_FRAMEWORK\graphics\meshs\Mesh.cpp">
      <Filter>소스 파일</Filter>
    </ClCompile>
    <ClCompile Include="01_FRAMEWORK\graphics\meshs\MeshFactory.cpp">
      <Filter>소스 파일</Filter>
    </ClCompile>
    <ClCompile Include="01_FRAMEWORK\graphics\renderables\Renderable2D.cpp">
      <Filter>소스 파일</Filter>
    </ClCompile>
    <ClCompile Include="01_FRAMEWORK\graphics\renderables\Renderable3D.cpp">
      <Filter>소스 파일</Filter>
    </ClCompile>
    <ClCompile Include="01_FRAMEWORK\graphics\renderers\Renderer2D.cpp">
      <Filter>소스 파일</Filter>
    </ClCompile>
    <ClCompile Include="01_FRAMEWORK\graphics\renderers\Renderer3D.cpp">
      <Filter>소스 파일</Filter>
    </ClCompile>
    <ClCompile Include="01_FRAMEWORK\graphics\shaders\ShaderFactory.cpp">
      <Filter>소스 파일</Filter>
    </ClCompile>
    <ClCompile Include="01_FRAMEWORK\graphics\shaders\ShaderManager.cpp">
      <Filter>소스 파일</Filter>
    </ClCompile>
    <ClCompile Include="01_FRAMEWORK\graphics\Entity.cpp">
      <Filter>소스 파일</Filter>
    </ClCompile>
    <ClCompile Include="01_FRAMEWORK\graphics\GBuffer.cpp">
      <Filter>소스 파일</Filter>
    </ClCompile>
    <ClCompile Include="01_FRAMEWORK\graphics\HeightMap.cpp">
      <Filter>소스 파일</Filter>
    </ClCompile>
    <ClCompile Include="01_FRAMEWORK\graphics\Label.cpp">
      <Filter>소스 파일</Filter>
    </ClCompile>
    <ClCompile Include="01_FRAMEWORK\graphics\Light.cpp">
      <Filter>소스 파일</Filter>
    </ClCompile>
    <ClCompile Include="01_FRAMEWORK\graphics\LightSetup.cpp">
      <Filter>소스 파일</Filter>
    </ClCompile>
    <ClCompile Include="01_FRAMEWORK\graphics\Model.cpp">
      <Filter>소스 파일</Filter>
    </ClCompile>
    <ClCompile Include="01_FRAMEWORK\graphics\ModelManager.cpp">
      <Filter>소스 파일</Filter>
    </ClCompile>
    <ClCompile Include="01_FRAMEWORK\graphics\Sprite.cpp">
      <Filter>소스 파일</Filter>
    </ClCompile>
    <ClCompile Include="01_FRAMEWORK\graphics\Terrain.cpp">
      <Filter>소스 파일</Filter>
    </ClCompile>
    <ClCompile Include="01_FRAMEWORK\graphics\TextureManager.cpp">
      <Filter>소스 파일</Filter>
    </ClCompile>
    <ClCompile Include="01_FRAMEWORK\graphics\cameras\QuaterCamera.cpp">
      <Filter>소스 파일</Filter>
    </ClCompile>
    <ClCompile Include="06_LAYER\RoomLayer2D.cpp">
      <Filter>소스 파일</Filter>
    </ClCompile>
    <ClCompile Include="06_LAYER\TestGameLayer2D.cpp">
      <Filter>소스 파일</Filter>
    </ClCompile>
    <ClCompile Include="07_SERVER\BossLocker.cpp">
      <Filter>소스 파일</Filter>
    </ClCompile>
    <ClCompile Include="06_LAYER\TestLayer2D.cpp">
      <Filter>소스 파일</Filter>
    </ClCompile>
    <ClCompile Include="06_LAYER\TestLayer3D.cpp">
      <Filter>소스 파일</Filter>
    </ClCompile>
    <ClCompile Include="06_LAYER\ShootingLayer3D.cpp">
      <Filter>소스 파일</Filter>
    </ClCompile>
    <ClCompile Include="06_LAYER\LoadingLayer2D.cpp">
      <Filter>소스 파일</Filter>
    </ClCompile>
    <ClCompile Include="06_LAYER\FPSLayer2D.cpp">
      <Filter>소스 파일</Filter>
    </ClCompile>
    <ClCompile Include="06_LAYER\TestGameLayer3D.cpp">
      <Filter>소스 파일</Filter>
    </ClCompile>
    <ClCompile Include="01_FRAMEWORK\dependency\freetype\freetype-gl\platform.c">
      <Filter>소스 파일</Filter>
    </ClCompile>
    <ClCompile Include="01_FRAMEWORK\dependency\freetype\freetype-gl\texture-atlas.c">
      <Filter>소스 파일</Filter>
    </ClCompile>
    <ClCompile Include="01_FRAMEWORK\dependency\freetype\freetype-gl\texture-font.c">
      <Filter>소스 파일</Filter>
    </ClCompile>
    <ClCompile Include="01_FRAMEWORK\dependency\freetype\freetype-gl\vector.c">
      <Filter>소스 파일</Filter>
    </ClCompile>
    <ClCompile Include="06_LAYER\MouseLayer2D.cpp">
      <Filter>소스 파일</Filter>
    </ClCompile>
    <ClCompile Include="05_GAME\assets\AssetData.cpp">
      <Filter>소스 파일</Filter>
    </ClCompile>
    <ClCompile Include="05_GAME\assets\AssetLoader.cpp">
      <Filter>소스 파일</Filter>
    </ClCompile>
    <ClCompile Include="05_GAME\graphics\Animation3D.cpp">
      <Filter>소스 파일</Filter>
    </ClCompile>
    <ClCompile Include="05_GAME\graphics\Model3D.cpp">
      <Filter>소스 파일</Filter>
    </ClCompile>
    <ClCompile Include="05_GAME\shoot\BulletSystem.cpp">
      <Filter>소스 파일</Filter>
    </ClCompile>
    <ClCompile Include="05_GAME\shoot\CBullet.cpp">
      <Filter>소스 파일</Filter>
    </ClCompile>
    <ClCompile Include="05_GAME\ui\Loadingbar.cpp">
      <Filter>소스 파일</Filter>
    </ClCompile>
    <ClCompile Include="01_FRAMEWORK\audio\Music.cpp">
      <Filter>소스 파일</Filter>
    </ClCompile>
    <ClCompile Include="01_FRAMEWORK\audio\MusicManager.cpp">
      <Filter>소스 파일</Filter>
    </ClCompile>
    <ClCompile Include="01_FRAMEWORK\imgui\imgui.cpp">
      <Filter>소스 파일</Filter>
    </ClCompile>
    <ClCompile Include="01_FRAMEWORK\imgui\imgui_demo.cpp">
      <Filter>소스 파일</Filter>
    </ClCompile>
    <ClCompile Include="01_FRAMEWORK\imgui\imgui_draw.cpp">
      <Filter>소스 파일</Filter>
    </ClCompile>
    <ClCompile Include="01_FRAMEWORK\imgui\imgui_impl_dx11.cpp">
      <Filter>소스 파일</Filter>
    </ClCompile>
    <ClCompile Include="06_LAYER\MapGUILayer2D.cpp">
      <Filter>소스 파일</Filter>
    </ClCompile>
    <ClCompile Include="06_LAYER\MapGUILayer3D.cpp">
      <Filter>소스 파일</Filter>
    </ClCompile>
    <ClCompile Include="01_FRAMEWORK\graphics\particles\ParticleSystem.cpp">
      <Filter>소스 파일</Filter>
    </ClCompile>
    <ClCompile Include="06_LAYER\ParticleLayer3D.cpp">
      <Filter>소스 파일</Filter>
    </ClCompile>
    <ClCompile Include="05_GAME\shoot\Bullet.cpp">
      <Filter>소스 파일</Filter>
    </ClCompile>
    <ClCompile Include="05_GAME\shoot\BulletShooter.cpp">
      <Filter>소스 파일</Filter>
    </ClCompile>
    <ClCompile Include="01_FRAMEWORK\utils\Pool.cpp">
      <Filter>소스 파일</Filter>
    </ClCompile>
    <ClCompile Include="05_GAME\shoot\BulletParticle.cpp">
      <Filter>소스 파일</Filter>
    </ClCompile>
    <ClCompile Include="05_GAME\shoot\BulletShooter2.cpp">
      <Filter>소스 파일</Filter>
    </ClCompile>
    <ClCompile Include="05_GAME\shoot\BulletShooter3.cpp">
      <Filter>소스 파일</Filter>
    </ClCompile>
  </ItemGroup>
  <ItemGroup>
    <ClInclude Include="01_FRAMEWORK\app\Application.h">
      <Filter>헤더 파일</Filter>
    </ClInclude>
    <ClInclude Include="01_FRAMEWORK\app\Input.h">
      <Filter>헤더 파일</Filter>
    </ClInclude>
    <ClInclude Include="01_FRAMEWORK\app\Window.h">
      <Filter>헤더 파일</Filter>
    </ClInclude>
    <ClInclude Include="01_FRAMEWORK\component\Component.h">
      <Filter>헤더 파일</Filter>
    </ClInclude>
    <ClInclude Include="01_FRAMEWORK\component\Components.h">
      <Filter>헤더 파일</Filter>
    </ClInclude>
    <ClInclude Include="01_FRAMEWORK\component\TransformComponent.h">
      <Filter>헤더 파일</Filter>
    </ClInclude>
    <ClInclude Include="01_FRAMEWORK\dependency\freeimage\x32\FreeImage.h">
      <Filter>헤더 파일</Filter>
    </ClInclude>
    <ClInclude Include="01_FRAMEWORK\directx\BufferLayout.h">
      <Filter>헤더 파일</Filter>
    </ClInclude>
    <ClInclude Include="01_FRAMEWORK\directx\Common.h">
      <Filter>헤더 파일</Filter>
    </ClInclude>
    <ClInclude Include="01_FRAMEWORK\directx\Context.h">
      <Filter>헤더 파일</Filter>
    </ClInclude>
    <ClInclude Include="01_FRAMEWORK\directx\DebugBuffer.h">
      <Filter>헤더 파일</Filter>
    </ClInclude>
    <ClInclude Include="01_FRAMEWORK\directx\IndexBuffer.h">
      <Filter>헤더 파일</Filter>
    </ClInclude>
    <ClInclude Include="01_FRAMEWORK\directx\Renderer.h">
      <Filter>헤더 파일</Filter>
    </ClInclude>
    <ClInclude Include="01_FRAMEWORK\directx\Shader.h">
      <Filter>헤더 파일</Filter>
    </ClInclude>
    <ClInclude Include="01_FRAMEWORK\directx\ShaderResource.h">
      <Filter>헤더 파일</Filter>
    </ClInclude>
    <ClInclude Include="01_FRAMEWORK\directx\ShaderUniform.h">
      <Filter>헤더 파일</Filter>
    </ClInclude>
    <ClInclude Include="01_FRAMEWORK\directx\Texture.h">
      <Filter>헤더 파일</Filter>
    </ClInclude>
    <ClInclude Include="01_FRAMEWORK\directx\Texture2D.h">
      <Filter>헤더 파일</Filter>
    </ClInclude>
    <ClInclude Include="01_FRAMEWORK\directx\TextureCube.h">
      <Filter>헤더 파일</Filter>
    </ClInclude>
    <ClInclude Include="01_FRAMEWORK\directx\VertexArray.h">
      <Filter>헤더 파일</Filter>
    </ClInclude>
    <ClInclude Include="01_FRAMEWORK\directx\VertexBuffer.h">
      <Filter>헤더 파일</Filter>
    </ClInclude>
    <ClInclude Include="01_FRAMEWORK\events\Event.h">
      <Filter>헤더 파일</Filter>
    </ClInclude>
    <ClInclude Include="01_FRAMEWORK\events\EventDispatcher.h">
      <Filter>헤더 파일</Filter>
    </ClInclude>
    <ClInclude Include="01_FRAMEWORK\events\Events.h">
      <Filter>헤더 파일</Filter>
    </ClInclude>
    <ClInclude Include="01_FRAMEWORK\events\IEventListener.h">
      <Filter>헤더 파일</Filter>
    </ClInclude>
    <ClInclude Include="01_FRAMEWORK\events\KeyEvent.h">
      <Filter>헤더 파일</Filter>
    </ClInclude>
    <ClInclude Include="01_FRAMEWORK\events\MouseEvent.h">
      <Filter>헤더 파일</Filter>
    </ClInclude>
    <ClInclude Include="01_FRAMEWORK\events\ResizeEvent.h">
      <Filter>헤더 파일</Filter>
    </ClInclude>
    <ClInclude Include="01_FRAMEWORK\maths\mat4.h">
      <Filter>헤더 파일</Filter>
    </ClInclude>
    <ClInclude Include="01_FRAMEWORK\maths\maths.h">
      <Filter>헤더 파일</Filter>
    </ClInclude>
    <ClInclude Include="01_FRAMEWORK\maths\maths_func.h">
      <Filter>헤더 파일</Filter>
    </ClInclude>
    <ClInclude Include="01_FRAMEWORK\maths\Quaternion.h">
      <Filter>헤더 파일</Filter>
    </ClInclude>
    <ClInclude Include="01_FRAMEWORK\maths\Rectangle.h">
      <Filter>헤더 파일</Filter>
    </ClInclude>
    <ClInclude Include="01_FRAMEWORK\maths\tvec2.h">
      <Filter>헤더 파일</Filter>
    </ClInclude>
    <ClInclude Include="01_FRAMEWORK\maths\vec2.h">
      <Filter>헤더 파일</Filter>
    </ClInclude>
    <ClInclude Include="01_FRAMEWORK\maths\vec3.h">
      <Filter>헤더 파일</Filter>
    </ClInclude>
    <ClInclude Include="01_FRAMEWORK\maths\vec4.h">
      <Filter>헤더 파일</Filter>
    </ClInclude>
    <ClInclude Include="01_FRAMEWORK\system\FileSystem.h">
      <Filter>헤더 파일</Filter>
    </ClInclude>
    <ClInclude Include="01_FRAMEWORK\system\VFS.h">
      <Filter>헤더 파일</Filter>
    </ClInclude>
    <ClInclude Include="01_FRAMEWORK\ui\Button.h">
      <Filter>헤더 파일</Filter>
    </ClInclude>
    <ClInclude Include="01_FRAMEWORK\ui\Dialog.h">
      <Filter>헤더 파일</Filter>
    </ClInclude>
    <ClInclude Include="01_FRAMEWORK\ui\Panel.h">
      <Filter>헤더 파일</Filter>
    </ClInclude>
    <ClInclude Include="01_FRAMEWORK\ui\Progressbar.h">
      <Filter>헤더 파일</Filter>
    </ClInclude>
    <ClInclude Include="01_FRAMEWORK\ui\Slider.h">
      <Filter>헤더 파일</Filter>
    </ClInclude>
    <ClInclude Include="01_FRAMEWORK\ui\UIs.h">
      <Filter>헤더 파일</Filter>
    </ClInclude>
    <ClInclude Include="01_FRAMEWORK\ui\Widget.h">
      <Filter>헤더 파일</Filter>
    </ClInclude>
    <ClInclude Include="01_FRAMEWORK\utils\json\json.h">
      <Filter>헤더 파일</Filter>
    </ClInclude>
    <ClInclude Include="01_FRAMEWORK\utils\json\json-forwards.h">
      <Filter>헤더 파일</Filter>
    </ClInclude>
    <ClInclude Include="01_FRAMEWORK\utils\LoadImage.h">
      <Filter>헤더 파일</Filter>
    </ClInclude>
    <ClInclude Include="01_FRAMEWORK\utils\String.h">
      <Filter>헤더 파일</Filter>
    </ClInclude>
    <ClInclude Include="01_FRAMEWORK\utils\Timer.h">
      <Filter>헤더 파일</Filter>
    </ClInclude>
    <ClInclude Include="01_FRAMEWORK\utils\Timestep.h">
      <Filter>헤더 파일</Filter>
    </ClInclude>
    <ClInclude Include="01_FRAMEWORK\include.h">
      <Filter>헤더 파일</Filter>
    </ClInclude>
    <ClInclude Include="01_FRAMEWORK\SUNNY.h">
      <Filter>헤더 파일</Filter>
    </ClInclude>
    <ClInclude Include="01_FRAMEWORK\maths\Ray.h">
      <Filter>헤더 파일</Filter>
    </ClInclude>
    <ClInclude Include="01_FRAMEWORK\maths\AABB.h">
      <Filter>헤더 파일</Filter>
    </ClInclude>
    <ClInclude Include="01_FRAMEWORK\maths\OBB.h">
      <Filter>헤더 파일</Filter>
    </ClInclude>
    <ClInclude Include="01_FRAMEWORK\directx\GeometryBuffer.h">
      <Filter>헤더 파일</Filter>
    </ClInclude>
    <ClInclude Include="01_FRAMEWORK\events\ServerEvent.h">
      <Filter>헤더 파일</Filter>
    </ClInclude>
    <ClInclude Include="01_FRAMEWORK\app\Server.h">
      <Filter>헤더 파일</Filter>
    </ClInclude>
    <ClInclude Include="01_FRAMEWORK\graphics\cameras\Camera.h">
      <Filter>헤더 파일</Filter>
    </ClInclude>
    <ClInclude Include="01_FRAMEWORK\graphics\cameras\FPSCamera.h">
      <Filter>헤더 파일</Filter>
    </ClInclude>
    <ClInclude Include="01_FRAMEWORK\graphics\cameras\LightCamera.h">
      <Filter>헤더 파일</Filter>
    </ClInclude>
    <ClInclude Include="01_FRAMEWORK\graphics\cameras\MayaCamera.h">
      <Filter>헤더 파일</Filter>
    </ClInclude>
    <ClInclude Include="01_FRAMEWORK\graphics\cameras\OrthographicCamera.h">
      <Filter>헤더 파일</Filter>
    </ClInclude>
    <ClInclude Include="01_FRAMEWORK\graphics\fonts\Font.h">
      <Filter>헤더 파일</Filter>
    </ClInclude>
    <ClInclude Include="01_FRAMEWORK\graphics\fonts\FontManager.h">
      <Filter>헤더 파일</Filter>
    </ClInclude>
    <ClInclude Include="01_FRAMEWORK\graphics\groups\Group3D.h">
      <Filter>헤더 파일</Filter>
    </ClInclude>
    <ClInclude Include="01_FRAMEWORK\graphics\layers\Layer.h">
      <Filter>헤더 파일</Filter>
    </ClInclude>
    <ClInclude Include="01_FRAMEWORK\graphics\layers\Layer2D.h">
      <Filter>헤더 파일</Filter>
    </ClInclude>
    <ClInclude Include="01_FRAMEWORK\graphics\layers\Layer3D.h">
      <Filter>헤더 파일</Filter>
    </ClInclude>
    <ClInclude Include="01_FRAMEWORK\graphics\materials\Material.h">
      <Filter>헤더 파일</Filter>
    </ClInclude>
    <ClInclude Include="01_FRAMEWORK\graphics\materials\MaterialInstance.h">
      <Filter>헤더 파일</Filter>
    </ClInclude>
    <ClInclude Include="01_FRAMEWORK\graphics\materials\Materials.h">
      <Filter>헤더 파일</Filter>
    </ClInclude>
    <ClInclude Include="01_FRAMEWORK\graphics\materials\PBRMaterial.h">
      <Filter>헤더 파일</Filter>
    </ClInclude>
    <ClInclude Include="01_FRAMEWORK\graphics\materials\PBRMaterialInstance.h">
      <Filter>헤더 파일</Filter>
    </ClInclude>
    <ClInclude Include="01_FRAMEWORK\graphics\meshs\AnimationMesh.h">
      <Filter>헤더 파일</Filter>
    </ClInclude>
    <ClInclude Include="01_FRAMEWORK\graphics\meshs\Mesh.h">
      <Filter>헤더 파일</Filter>
    </ClInclude>
    <ClInclude Include="01_FRAMEWORK\graphics\meshs\MeshFactory.h">
      <Filter>헤더 파일</Filter>
    </ClInclude>
    <ClInclude Include="01_FRAMEWORK\graphics\renderables\Renderable2D.h">
      <Filter>헤더 파일</Filter>
    </ClInclude>
    <ClInclude Include="01_FRAMEWORK\graphics\renderables\Renderable3D.h">
      <Filter>헤더 파일</Filter>
    </ClInclude>
    <ClInclude Include="01_FRAMEWORK\graphics\renderers\Renderer2D.h">
      <Filter>헤더 파일</Filter>
    </ClInclude>
    <ClInclude Include="01_FRAMEWORK\graphics\renderers\Renderer3D.h">
      <Filter>헤더 파일</Filter>
    </ClInclude>
    <ClInclude Include="01_FRAMEWORK\graphics\shaders\ShaderFactory.h">
      <Filter>헤더 파일</Filter>
    </ClInclude>
    <ClInclude Include="01_FRAMEWORK\graphics\shaders\ShaderManager.h">
      <Filter>헤더 파일</Filter>
    </ClInclude>
    <ClInclude Include="01_FRAMEWORK\graphics\shaders\Shaders.h">
      <Filter>헤더 파일</Filter>
    </ClInclude>
    <ClInclude Include="01_FRAMEWORK\graphics\Animation.h">
      <Filter>헤더 파일</Filter>
    </ClInclude>
    <ClInclude Include="01_FRAMEWORK\graphics\Entity.h">
      <Filter>헤더 파일</Filter>
    </ClInclude>
    <ClInclude Include="01_FRAMEWORK\graphics\GBuffer.h">
      <Filter>헤더 파일</Filter>
    </ClInclude>
    <ClInclude Include="01_FRAMEWORK\graphics\HeightMap.h">
      <Filter>헤더 파일</Filter>
    </ClInclude>
    <ClInclude Include="01_FRAMEWORK\graphics\Label.h">
      <Filter>헤더 파일</Filter>
    </ClInclude>
    <ClInclude Include="01_FRAMEWORK\graphics\Light.h">
      <Filter>헤더 파일</Filter>
    </ClInclude>
    <ClInclude Include="01_FRAMEWORK\graphics\LightSetup.h">
      <Filter>헤더 파일</Filter>
    </ClInclude>
    <ClInclude Include="01_FRAMEWORK\graphics\Mask.h">
      <Filter>헤더 파일</Filter>
    </ClInclude>
    <ClInclude Include="01_FRAMEWORK\graphics\Model.h">
      <Filter>헤더 파일</Filter>
    </ClInclude>
    <ClInclude Include="01_FRAMEWORK\graphics\ModelManager.h">
      <Filter>헤더 파일</Filter>
    </ClInclude>
    <ClInclude Include="01_FRAMEWORK\graphics\Sprite.h">
      <Filter>헤더 파일</Filter>
    </ClInclude>
    <ClInclude Include="01_FRAMEWORK\graphics\Terrain.h">
      <Filter>헤더 파일</Filter>
    </ClInclude>
    <ClInclude Include="01_FRAMEWORK\graphics\TextureManager.h">
      <Filter>헤더 파일</Filter>
    </ClInclude>
    <ClInclude Include="01_FRAMEWORK\graphics\cameras\QuaterCamera.h">
      <Filter>헤더 파일</Filter>
    </ClInclude>
    <ClInclude Include="06_LAYER\RoomLayer2D.h">
      <Filter>헤더 파일</Filter>
    </ClInclude>
    <ClInclude Include="06_LAYER\TestGameLayer2D.h">
      <Filter>헤더 파일</Filter>
    </ClInclude>
    <ClInclude Include="07_SERVER\BossLocker.h">
      <Filter>헤더 파일</Filter>
    </ClInclude>
    <ClInclude Include="07_SERVER\BossLockerProtocol.h">
      <Filter>헤더 파일</Filter>
    </ClInclude>
    <ClInclude Include="06_LAYER\TestLayer2D.h">
      <Filter>헤더 파일</Filter>
    </ClInclude>
    <ClInclude Include="06_LAYER\TestLayer3D.h">
      <Filter>헤더 파일</Filter>
    </ClInclude>
    <ClInclude Include="06_LAYER\ShootingLaye3D.h">
      <Filter>헤더 파일</Filter>
    </ClInclude>
    <ClInclude Include="06_LAYER\LoadingLayer2D.h">
      <Filter>헤더 파일</Filter>
    </ClInclude>
    <ClInclude Include="06_LAYER\FPSLayer2D.h">
      <Filter>헤더 파일</Filter>
    </ClInclude>
    <ClInclude Include="01_FRAMEWORK\directx\DeferredContext.h">
      <Filter>헤더 파일</Filter>
    </ClInclude>
    <ClInclude Include="06_LAYER\TestGameLayer3D.h">
      <Filter>헤더 파일</Filter>
    </ClInclude>
    <ClInclude Include="01_FRAMEWORK\dependency\freetype\freetype-gl\common.h">
      <Filter>헤더 파일</Filter>
    </ClInclude>
    <ClInclude Include="01_FRAMEWORK\dependency\freetype\freetype-gl\freetype-gl.h">
      <Filter>헤더 파일</Filter>
    </ClInclude>
    <ClInclude Include="01_FRAMEWORK\dependency\freetype\freetype-gl\platform.h">
      <Filter>헤더 파일</Filter>
    </ClInclude>
    <ClInclude Include="01_FRAMEWORK\dependency\freetype\freetype-gl\texture-atlas.h">
      <Filter>헤더 파일</Filter>
    </ClInclude>
    <ClInclude Include="01_FRAMEWORK\dependency\freetype\freetype-gl\texture-font.h">
      <Filter>헤더 파일</Filter>
    </ClInclude>
    <ClInclude Include="01_FRAMEWORK\dependency\freetype\freetype-gl\vec234.h">
      <Filter>헤더 파일</Filter>
    </ClInclude>
    <ClInclude Include="01_FRAMEWORK\dependency\freetype\freetype-gl\vector.h">
      <Filter>헤더 파일</Filter>
    </ClInclude>
    <ClInclude Include="06_LAYER\MouseLayer2D.h">
      <Filter>헤더 파일</Filter>
    </ClInclude>
    <ClInclude Include="05_GAME\assets\AssetData.h">
      <Filter>헤더 파일</Filter>
    </ClInclude>
    <ClInclude Include="05_GAME\assets\AssetLoader.h">
      <Filter>헤더 파일</Filter>
    </ClInclude>
    <ClInclude Include="05_GAME\graphics\Animation3D.h">
      <Filter>헤더 파일</Filter>
    </ClInclude>
    <ClInclude Include="05_GAME\graphics\Model3D.h">
      <Filter>헤더 파일</Filter>
    </ClInclude>
    <ClInclude Include="05_GAME\shoot\BulletSystem.h">
      <Filter>헤더 파일</Filter>
    </ClInclude>
    <ClInclude Include="05_GAME\shoot\CBullet.h">
      <Filter>헤더 파일</Filter>
    </ClInclude>
    <ClInclude Include="05_GAME\ui\Loadingbar.h">
      <Filter>헤더 파일</Filter>
    </ClInclude>
    <ClInclude Include="05_GAME\MousePicker.h">
      <Filter>헤더 파일</Filter>
    </ClInclude>
    <ClInclude Include="05_GAME\Player.h">
      <Filter>헤더 파일</Filter>
    </ClInclude>
    <ClInclude Include="01_FRAMEWORK\audio\Music.h">
      <Filter>헤더 파일</Filter>
    </ClInclude>
    <ClInclude Include="01_FRAMEWORK\audio\MusicManager.h">
      <Filter>헤더 파일</Filter>
    </ClInclude>
    <ClInclude Include="01_FRAMEWORK\imgui\imconfig.h">
      <Filter>헤더 파일</Filter>
    </ClInclude>
    <ClInclude Include="01_FRAMEWORK\imgui\imgui.h">
      <Filter>헤더 파일</Filter>
    </ClInclude>
    <ClInclude Include="01_FRAMEWORK\imgui\imgui_internal.h">
      <Filter>헤더 파일</Filter>
    </ClInclude>
    <ClInclude Include="01_FRAMEWORK\imgui\stb_rect_pack.h">
      <Filter>헤더 파일</Filter>
    </ClInclude>
    <ClInclude Include="01_FRAMEWORK\imgui\stb_textedit.h">
      <Filter>헤더 파일</Filter>
    </ClInclude>
    <ClInclude Include="01_FRAMEWORK\imgui\stb_truetype.h">
      <Filter>헤더 파일</Filter>
    </ClInclude>
    <ClInclude Include="01_FRAMEWORK\imgui\imgui_impl_dx11.h">
      <Filter>헤더 파일</Filter>
    </ClInclude>
    <ClInclude Include="06_LAYER\MapGUILayer2D.h">
      <Filter>헤더 파일</Filter>
    </ClInclude>
    <ClInclude Include="06_LAYER\MapGUILayer3D.h">
      <Filter>헤더 파일</Filter>
    </ClInclude>
    <ClInclude Include="01_FRAMEWORK\graphics\particles\ParticleSystem.h">
      <Filter>헤더 파일</Filter>
    </ClInclude>
    <ClInclude Include="06_LAYER\ParticleLayer3D.h">
      <Filter>헤더 파일</Filter>
    </ClInclude>
    <ClInclude Include="05_GAME\shoot\Bullet.h">
      <Filter>헤더 파일</Filter>
    </ClInclude>
    <ClInclude Include="05_GAME\shoot\BulletShooter.h">
      <Filter>헤더 파일</Filter>
    </ClInclude>
    <ClInclude Include="01_FRAMEWORK\utils\Pool.h">
      <Filter>헤더 파일</Filter>
    </ClInclude>
    <ClInclude Include="common.h">
      <Filter>헤더 파일</Filter>
    </ClInclude>
    <ClInclude Include="05_GAME\graphics\BulletM.h">
      <Filter>헤더 파일</Filter>
    </ClInclude>
    <ClInclude Include="05_GAME\shoot\BulletParticle.h">
      <Filter>헤더 파일</Filter>
    </ClInclude>
    <ClInclude Include="05_GAME\shoot\BulletShooter2.h">
      <Filter>헤더 파일</Filter>
    </ClInclude>
    <ClInclude Include="05_GAME\shoot\BulletShooter3.h">
      <Filter>헤더 파일</Filter>
    </ClInclude>
  </ItemGroup>
  <ItemGroup>
    <Image Include="resource\textures\time.PNG">
      <Filter>리소스 파일</Filter>
    </Image>
  </ItemGroup>
</Project>